
Microsoft Visual Studio Solution File, Format Version 12.00
# Visual Studio Version 17
VisualStudioVersion = 17.8.34322.80
MinimumVisualStudioVersion = 10.0.40219.1
Project("{9A19103F-16F7-4668-BE54-9A1E7A4F7556}") = "test", "test.csproj", "{2B80A4DF-1B3D-4D90-9607-E05A8C6C9F52}"
EndProject
Global
	GlobalSection(SolutionConfigurationPlatforms) = preSolution
		Debug|Any CPU = Debug|Any CPU
		ExportDebug|Any CPU = ExportDebug|Any CPU
		ExportRelease|Any CPU = ExportRelease|Any CPU
	EndGlobalSection
	GlobalSection(ProjectConfigurationPlatforms) = postSolution
		{2B80A4DF-1B3D-4D90-9607-E05A8C6C9F52}.Debug|Any CPU.ActiveCfg = Debug|Any CPU
		{2B80A4DF-1B3D-4D90-9607-E05A8C6C9F52}.Debug|Any CPU.Build.0 = Debug|Any CPU
		{2B80A4DF-1B3D-4D90-9607-E05A8C6C9F52}.ExportDebug|Any CPU.ActiveCfg = ExportDebug|Any CPU
		{2B80A4DF-1B3D-4D90-9607-E05A8C6C9F52}.ExportDebug|Any CPU.Build.0 = ExportDebug|Any CPU
		{2B80A4DF-1B3D-4D90-9607-E05A8C6C9F52}.ExportRelease|Any CPU.ActiveCfg = ExportRelease|Any CPU
		{2B80A4DF-1B3D-4D90-9607-E05A8C6C9F52}.ExportRelease|Any CPU.Build.0 = ExportRelease|Any CPU
	EndGlobalSection
	GlobalSection(SolutionProperties) = preSolution
		HideSolutionNode = FALSE
	EndGlobalSection
	GlobalSection(ExtensibilityGlobals) = postSolution
		SolutionGuid = {A2032FF1-BCCD-48DB-8B83-3075CEB0ACC4}
	EndGlobalSection
EndGlobal
